
Microsoft Visual Studio Solution File, Format Version 12.00
# Visual Studio Version 17
VisualStudioVersion = 17.14.36109.1 d17.14
MinimumVisualStudioVersion = 10.0.40219.1
Project("{FAE04EC0-301F-11D3-BF4B-00C04F79EFBC}") = "IncidentApiTaskA", "IncidentApiTaskA\IncidentApiTaskA.csproj", "{CA96E112-087D-B196-3D30-EDABB4583E4F}"
EndProject
Global
	GlobalSection(SolutionConfigurationPlatforms) = preSolution
		Debug|Any CPU = Debug|Any CPU
		Release|Any CPU = Release|Any CPU
	EndGlobalSection
	GlobalSection(ProjectConfigurationPlatforms) = postSolution
		{CA96E112-087D-B196-3D30-EDABB4583E4F}.Debug|Any CPU.ActiveCfg = Debug|Any CPU
		{CA96E112-087D-B196-3D30-EDABB4583E4F}.Debug|Any CPU.Build.0 = Debug|Any CPU
		{CA96E112-087D-B196-3D30-EDABB4583E4F}.Release|Any CPU.ActiveCfg = Release|Any CPU
		{CA96E112-087D-B196-3D30-EDABB4583E4F}.Release|Any CPU.Build.0 = Release|Any CPU
	EndGlobalSection
	GlobalSection(SolutionProperties) = preSolution
		HideSolutionNode = FALSE
	EndGlobalSection
	GlobalSection(ExtensibilityGlobals) = postSolution
		SolutionGuid = {0342E957-B1DE-499E-BD66-507E7DDD9DBA}
	EndGlobalSection
EndGlobal
